// !$*UTF8*$!
{
	archiveVersion = 1;
	classes = {
	};
	objectVersion = 56;
	objects = {

/* Begin PBXBuildFile section */
		1D5A5C442A19308F00F5E332 /* Async.swift in Sources */ = {isa = PBXBuildFile; fileRef = 1D5A5C432A19308F00F5E332 /* Async.swift */; };
		1D5A5C462A1931BE00F5E332 /* Sync.swift in Sources */ = {isa = PBXBuildFile; fileRef = 1D5A5C452A1931BE00F5E332 /* Sync.swift */; };
		1DB718E329ACD3F0001FEAB3 /* AppDelegate.swift in Sources */ = {isa = PBXBuildFile; fileRef = 1DB718E229ACD3F0001FEAB3 /* AppDelegate.swift */; };
		1DB718E529ACD3F0001FEAB3 /* SceneDelegate.swift in Sources */ = {isa = PBXBuildFile; fileRef = 1DB718E429ACD3F0001FEAB3 /* SceneDelegate.swift */; };
		1DB718E729ACD3F0001FEAB3 /* ViewController.swift in Sources */ = {isa = PBXBuildFile; fileRef = 1DB718E629ACD3F0001FEAB3 /* ViewController.swift */; };
		1DB718EA29ACD3F0001FEAB3 /* Main.storyboard in Resources */ = {isa = PBXBuildFile; fileRef = 1DB718E829ACD3F0001FEAB3 /* Main.storyboard */; };
		1DB718EC29ACD3F1001FEAB3 /* Assets.xcassets in Resources */ = {isa = PBXBuildFile; fileRef = 1DB718EB29ACD3F1001FEAB3 /* Assets.xcassets */; };
		1DB718EF29ACD3F1001FEAB3 /* LaunchScreen.storyboard in Resources */ = {isa = PBXBuildFile; fileRef = 1DB718ED29ACD3F1001FEAB3 /* LaunchScreen.storyboard */; };
		1DB718FA29ACD3F2001FEAB3 /* DispatchQueueTests.swift in Sources */ = {isa = PBXBuildFile; fileRef = 1DB718F929ACD3F2001FEAB3 /* DispatchQueueTests.swift */; };
		1DB7190429ACD3F2001FEAB3 /* DispatchQueueUITests.swift in Sources */ = {isa = PBXBuildFile; fileRef = 1DB7190329ACD3F2001FEAB3 /* DispatchQueueUITests.swift */; };
		1DB7190629ACD3F2001FEAB3 /* DispatchQueueUITestsLaunchTests.swift in Sources */ = {isa = PBXBuildFile; fileRef = 1DB7190529ACD3F2001FEAB3 /* DispatchQueueUITestsLaunchTests.swift */; };
/* End PBXBuildFile section */

/* Begin PBXContainerItemProxy section */
		1DB718F629ACD3F2001FEAB3 /* PBXContainerItemProxy */ = {
			isa = PBXContainerItemProxy;
			containerPortal = 1DB718D729ACD3F0001FEAB3 /* Project object */;
			proxyType = 1;
			remoteGlobalIDString = 1DB718DE29ACD3F0001FEAB3;
			remoteInfo = DispatchQueue;
		};
		1DB7190029ACD3F2001FEAB3 /* PBXContainerItemProxy */ = {
			isa = PBXContainerItemProxy;
			containerPortal = 1DB718D729ACD3F0001FEAB3 /* Project object */;
			proxyType = 1;
			remoteGlobalIDString = 1DB718DE29ACD3F0001FEAB3;
			remoteInfo = DispatchQueue;
		};
/* End PBXContainerItemProxy section */

/* Begin PBXFileReference section */
		1D5A5C432A19308F00F5E332 /* Async.swift */ = {isa = PBXFileReference; lastKnownFileType = sourcecode.swift; path = Async.swift; sourceTree = "<group>"; };
		1D5A5C452A1931BE00F5E332 /* Sync.swift */ = {isa = PBXFileReference; lastKnownFileType = sourcecode.swift; path = Sync.swift; sourceTree = "<group>"; };
		1DB718DF29ACD3F0001FEAB3 /* DispatchQueue.app */ = {isa = PBXFileReference; explicitFileType = wrapper.application; includeInIndex = 0; path = DispatchQueue.app; sourceTree = BUILT_PRODUCTS_DIR; };
		1DB718E229ACD3F0001FEAB3 /* AppDelegate.swift */ = {isa = PBXFileReference; lastKnownFileType = sourcecode.swift; path = AppDelegate.swift; sourceTree = "<group>"; };
		1DB718E429ACD3F0001FEAB3 /* SceneDelegate.swift */ = {isa = PBXFileReference; lastKnownFileType = sourcecode.swift; path = SceneDelegate.swift; sourceTree = "<group>"; };
		1DB718E629ACD3F0001FEAB3 /* ViewController.swift */ = {isa = PBXFileReference; lastKnownFileType = sourcecode.swift; path = ViewController.swift; sourceTree = "<group>"; };
		1DB718E929ACD3F0001FEAB3 /* Base */ = {isa = PBXFileReference; lastKnownFileType = file.storyboard; name = Base; path = Base.lproj/Main.storyboard; sourceTree = "<group>"; };
		1DB718EB29ACD3F1001FEAB3 /* Assets.xcassets */ = {isa = PBXFileReference; lastKnownFileType = folder.assetcatalog; path = Assets.xcassets; sourceTree = "<group>"; };
		1DB718EE29ACD3F1001FEAB3 /* Base */ = {isa = PBXFileReference; lastKnownFileType = file.storyboard; name = Base; path = Base.lproj/LaunchScreen.storyboard; sourceTree = "<group>"; };
		1DB718F029ACD3F1001FEAB3 /* Info.plist */ = {isa = PBXFileReference; lastKnownFileType = text.plist.xml; path = Info.plist; sourceTree = "<group>"; };
		1DB718F529ACD3F2001FEAB3 /* DispatchQueueTests.xctest */ = {isa = PBXFileReference; explicitFileType = wrapper.cfbundle; includeInIndex = 0; path = DispatchQueueTests.xctest; sourceTree = BUILT_PRODUCTS_DIR; };
		1DB718F929ACD3F2001FEAB3 /* DispatchQueueTests.swift */ = {isa = PBXFileReference; lastKnownFileType = sourcecode.swift; path = DispatchQueueTests.swift; sourceTree = "<group>"; };
		1DB718FF29ACD3F2001FEAB3 /* DispatchQueueUITests.xctest */ = {isa = PBXFileReference; explicitFileType = wrapper.cfbundle; includeInIndex = 0; path = DispatchQueueUITests.xctest; sourceTree = BUILT_PRODUCTS_DIR; };
		1DB7190329ACD3F2001FEAB3 /* DispatchQueueUITests.swift */ = {isa = PBXFileReference; lastKnownFileType = sourcecode.swift; path = DispatchQueueUITests.swift; sourceTree = "<group>"; };
		1DB7190529ACD3F2001FEAB3 /* DispatchQueueUITestsLaunchTests.swift */ = {isa = PBXFileReference; lastKnownFileType = sourcecode.swift; path = DispatchQueueUITestsLaunchTests.swift; sourceTree = "<group>"; };
/* End PBXFileReference section */

/* Begin PBXFrameworksBuildPhase section */
		1DB718DC29ACD3F0001FEAB3 /* Frameworks */ = {
			isa = PBXFrameworksBuildPhase;
			buildActionMask = 2147483647;
			files = (
			);
			runOnlyForDeploymentPostprocessing = 0;
		};
		1DB718F229ACD3F2001FEAB3 /* Frameworks */ = {
			isa = PBXFrameworksBuildPhase;
			buildActionMask = 2147483647;
			files = (
			);
			runOnlyForDeploymentPostprocessing = 0;
		};
		1DB718FC29ACD3F2001FEAB3 /* Frameworks */ = {
			isa = PBXFrameworksBuildPhase;
			buildActionMask = 2147483647;
			files = (
			);
			runOnlyForDeploymentPostprocessing = 0;
		};
/* End PBXFrameworksBuildPhase section */

/* Begin PBXGroup section */
		1DB718D629ACD3F0001FEAB3 = {
			isa = PBXGroup;
			children = (
				1DB718E129ACD3F0001FEAB3 /* DispatchQueue */,
				1DB718F829ACD3F2001FEAB3 /* DispatchQueueTests */,
				1DB7190229ACD3F2001FEAB3 /* DispatchQueueUITests */,
				1DB718E029ACD3F0001FEAB3 /* Products */,
			);
			sourceTree = "<group>";
		};
		1DB718E029ACD3F0001FEAB3 /* Products */ = {
			isa = PBXGroup;
			children = (
				1DB718DF29ACD3F0001FEAB3 /* DispatchQueue.app */,
				1DB718F529ACD3F2001FEAB3 /* DispatchQueueTests.xctest */,
				1DB718FF29ACD3F2001FEAB3 /* DispatchQueueUITests.xctest */,
			);
			name = Products;
			sourceTree = "<group>";
		};
		1DB718E129ACD3F0001FEAB3 /* DispatchQueue */ = {
			isa = PBXGroup;
			children = (
				1DB718E229ACD3F0001FEAB3 /* AppDelegate.swift */,
				1DB718E429ACD3F0001FEAB3 /* SceneDelegate.swift */,
				1DB718E629ACD3F0001FEAB3 /* ViewController.swift */,
				1D5A5C432A19308F00F5E332 /* Async.swift */,
				1D5A5C452A1931BE00F5E332 /* Sync.swift */,
				1DB718E829ACD3F0001FEAB3 /* Main.storyboard */,
				1DB718EB29ACD3F1001FEAB3 /* Assets.xcassets */,
				1DB718ED29ACD3F1001FEAB3 /* LaunchScreen.storyboard */,
				1DB718F029ACD3F1001FEAB3 /* Info.plist */,
			);
			path = DispatchQueue;
			sourceTree = "<group>";
		};
		1DB718F829ACD3F2001FEAB3 /* DispatchQueueTests */ = {
			isa = PBXGroup;
			children = (
				1DB718F929ACD3F2001FEAB3 /* DispatchQueueTests.swift */,
			);
			path = DispatchQueueTests;
			sourceTree = "<group>";
		};
		1DB7190229ACD3F2001FEAB3 /* DispatchQueueUITests */ = {
			isa = PBXGroup;
			children = (
				1DB7190329ACD3F2001FEAB3 /* DispatchQueueUITests.swift */,
				1DB7190529ACD3F2001FEAB3 /* DispatchQueueUITestsLaunchTests.swift */,
			);
			path = DispatchQueueUITests;
			sourceTree = "<group>";
		};
/* End PBXGroup section */

/* Begin PBXNativeTarget section */
		1DB718DE29ACD3F0001FEAB3 /* DispatchQueue */ = {
			isa = PBXNativeTarget;
			buildConfigurationList = 1DB7190929ACD3F2001FEAB3 /* Build configuration list for PBXNativeTarget "DispatchQueue" */;
			buildPhases = (
				1DB718DB29ACD3F0001FEAB3 /* Sources */,
				1DB718DC29ACD3F0001FEAB3 /* Frameworks */,
				1DB718DD29ACD3F0001FEAB3 /* Resources */,
			);
			buildRules = (
			);
			dependencies = (
			);
			name = DispatchQueue;
			productName = DispatchQueue;
			productReference = 1DB718DF29ACD3F0001FEAB3 /* DispatchQueue.app */;
			productType = "com.apple.product-type.application";
		};
		1DB718F429ACD3F2001FEAB3 /* DispatchQueueTests */ = {
			isa = PBXNativeTarget;
			buildConfigurationList = 1DB7190C29ACD3F2001FEAB3 /* Build configuration list for PBXNativeTarget "DispatchQueueTests" */;
			buildPhases = (
				1DB718F129ACD3F2001FEAB3 /* Sources */,
				1DB718F229ACD3F2001FEAB3 /* Frameworks */,
				1DB718F329ACD3F2001FEAB3 /* Resources */,
			);
			buildRules = (
			);
			dependencies = (
				1DB718F729ACD3F2001FEAB3 /* PBXTargetDependency */,
			);
			name = DispatchQueueTests;
			productName = DispatchQueueTests;
			productReference = 1DB718F529ACD3F2001FEAB3 /* DispatchQueueTests.xctest */;
			productType = "com.apple.product-type.bundle.unit-test";
		};
		1DB718FE29ACD3F2001FEAB3 /* DispatchQueueUITests */ = {
			isa = PBXNativeTarget;
			buildConfigurationList = 1DB7190F29ACD3F2001FEAB3 /* Build configuration list for PBXNativeTarget "DispatchQueueUITests" */;
			buildPhases = (
				1DB718FB29ACD3F2001FEAB3 /* Sources */,
				1DB718FC29ACD3F2001FEAB3 /* Frameworks */,
				1DB718FD29ACD3F2001FEAB3 /* Resources */,
			);
			buildRules = (
			);
			dependencies = (
				1DB7190129ACD3F2001FEAB3 /* PBXTargetDependency */,
			);
			name = DispatchQueueUITests;
			productName = DispatchQueueUITests;
			productReference = 1DB718FF29ACD3F2001FEAB3 /* DispatchQueueUITests.xctest */;
			productType = "com.apple.product-type.bundle.ui-testing";
		};
/* End PBXNativeTarget section */

/* Begin PBXProject section */
		1DB718D729ACD3F0001FEAB3 /* Project object */ = {
			isa = PBXProject;
			attributes = {
				BuildIndependentTargetsInParallel = 1;
				LastSwiftUpdateCheck = 1410;
				LastUpgradeCheck = 1410;
				TargetAttributes = {
					1DB718DE29ACD3F0001FEAB3 = {
						CreatedOnToolsVersion = 14.1;
					};
					1DB718F429ACD3F2001FEAB3 = {
						CreatedOnToolsVersion = 14.1;
						TestTargetID = 1DB718DE29ACD3F0001FEAB3;
					};
					1DB718FE29ACD3F2001FEAB3 = {
						CreatedOnToolsVersion = 14.1;
						TestTargetID = 1DB718DE29ACD3F0001FEAB3;
					};
				};
			};
			buildConfigurationList = 1DB718DA29ACD3F0001FEAB3 /* Build configuration list for PBXProject "DispatchQueue" */;
			compatibilityVersion = "Xcode 14.0";
			developmentRegion = en;
			hasScannedForEncodings = 0;
			knownRegions = (
				en,
				Base,
			);
			mainGroup = 1DB718D629ACD3F0001FEAB3;
			productRefGroup = 1DB718E029ACD3F0001FEAB3 /* Products */;
			projectDirPath = "";
			projectRoot = "";
			targets = (
				1DB718DE29ACD3F0001FEAB3 /* DispatchQueue */,
				1DB718F429ACD3F2001FEAB3 /* DispatchQueueTests */,
				1DB718FE29ACD3F2001FEAB3 /* DispatchQueueUITests */,
			);
		};
/* End PBXProject section */

/* Begin PBXResourcesBuildPhase section */
		1DB718DD29ACD3F0001FEAB3 /* Resources */ = {
			isa = PBXResourcesBuildPhase;
			buildActionMask = 2147483647;
			files = (
				1DB718EF29ACD3F1001FEAB3 /* LaunchScreen.storyboard in Resources */,
				1DB718EC29ACD3F1001FEAB3 /* Assets.xcassets in Resources */,
				1DB718EA29ACD3F0001FEAB3 /* Main.storyboard in Resources */,
			);
			runOnlyForDeploymentPostprocessing = 0;
		};
		1DB718F329ACD3F2001FEAB3 /* Resources */ = {
			isa = PBXResourcesBuildPhase;
			buildActionMask = 2147483647;
			files = (
			);
			runOnlyForDeploymentPostprocessing = 0;
		};
		1DB718FD29ACD3F2001FEAB3 /* Resources */ = {
			isa = PBXResourcesBuildPhase;
			buildActionMask = 2147483647;
			files = (
			);
			runOnlyForDeploymentPostprocessing = 0;
		};
/* End PBXResourcesBuildPhase section */

/* Begin PBXSourcesBuildPhase section */
		1DB718DB29ACD3F0001FEAB3 /* Sources */ = {
			isa = PBXSourcesBuildPhase;
			buildActionMask = 2147483647;
			files = (
				1D5A5C462A1931BE00F5E332 /* Sync.swift in Sources */,
				1D5A5C442A19308F00F5E332 /* Async.swift in Sources */,
				1DB718E729ACD3F0001FEAB3 /* ViewController.swift in Sources */,
				1DB718E329ACD3F0001FEAB3 /* AppDelegate.swift in Sources */,
				1DB718E529ACD3F0001FEAB3 /* SceneDelegate.swift in Sources */,
			);
			runOnlyForDeploymentPostprocessing = 0;
		};
		1DB718F129ACD3F2001FEAB3 /* Sources */ = {
			isa = PBXSourcesBuildPhase;
			buildActionMask = 2147483647;
			files = (
				1DB718FA29ACD3F2001FEAB3 /* DispatchQueueTests.swift in Sources */,
			);
			runOnlyForDeploymentPostprocessing = 0;
		};
		1DB718FB29ACD3F2001FEAB3 /* Sources */ = {
			isa = PBXSourcesBuildPhase;
			buildActionMask = 2147483647;
			files = (
				1DB7190629ACD3F2001FEAB3 /* DispatchQueueUITestsLaunchTests.swift in Sources */,
				1DB7190429ACD3F2001FEAB3 /* DispatchQueueUITests.swift in Sources */,
			);
			runOnlyForDeploymentPostprocessing = 0;
		};
/* End PBXSourcesBuildPhase section */

/* Begin PBXTargetDependency section */
		1DB718F729ACD3F2001FEAB3 /* PBXTargetDependency */ = {
			isa = PBXTargetDependency;
			target = 1DB718DE29ACD3F0001FEAB3 /* DispatchQueue */;
			targetProxy = 1DB718F629ACD3F2001FEAB3 /* PBXContainerItemProxy */;
		};
		1DB7190129ACD3F2001FEAB3 /* PBXTargetDependency */ = {
			isa = PBXTargetDependency;
			target = 1DB718DE29ACD3F0001FEAB3 /* DispatchQueue */;
			targetProxy = 1DB7190029ACD3F2001FEAB3 /* PBXContainerItemProxy */;
		};
/* End PBXTargetDependency section */

/* Begin PBXVariantGroup section */
		1DB718E829ACD3F0001FEAB3 /* Main.storyboard */ = {
			isa = PBXVariantGroup;
			children = (
				1DB718E929ACD3F0001FEAB3 /* Base */,
			);
			name = Main.storyboard;
			sourceTree = "<group>";
		};
		1DB718ED29ACD3F1001FEAB3 /* LaunchScreen.storyboard */ = {
			isa = PBXVariantGroup;
			children = (
				1DB718EE29ACD3F1001FEAB3 /* Base */,
			);
			name = LaunchScreen.storyboard;
			sourceTree = "<group>";
		};
/* End PBXVariantGroup section */

/* Begin XCBuildConfiguration section */
		1DB7190729ACD3F2001FEAB3 /* Debug */ = {
			isa = XCBuildConfiguration;
			buildSettings = {
				ALWAYS_SEARCH_USER_PATHS = NO;
				CLANG_ANALYZER_NONNULL = YES;
				CLANG_ANALYZER_NUMBER_OBJECT_CONVERSION = YES_AGGRESSIVE;
				CLANG_CXX_LANGUAGE_STANDARD = "gnu++20";
				CLANG_ENABLE_MODULES = YES;
				CLANG_ENABLE_OBJC_ARC = YES;
				CLANG_ENABLE_OBJC_WEAK = YES;
				CLANG_WARN_BLOCK_CAPTURE_AUTORELEASING = YES;
				CLANG_WARN_BOOL_CONVERSION = YES;
				CLANG_WARN_COMMA = YES;
				CLANG_WARN_CONSTANT_CONVERSION = YES;
				CLANG_WARN_DEPRECATED_OBJC_IMPLEMENTATIONS = YES;
				CLANG_WARN_DIRECT_OBJC_ISA_USAGE = YES_ERROR;
				CLANG_WARN_DOCUMENTATION_COMMENTS = YES;
				CLANG_WARN_EMPTY_BODY = YES;
				CLANG_WARN_ENUM_CONVERSION = YES;
				CLANG_WARN_INFINITE_RECURSION = YES;
				CLANG_WARN_INT_CONVERSION = YES;
				CLANG_WARN_NON_LITERAL_NULL_CONVERSION = YES;
				CLANG_WARN_OBJC_IMPLICIT_RETAIN_SELF = YES;
				CLANG_WARN_OBJC_LITERAL_CONVERSION = YES;
				CLANG_WARN_OBJC_ROOT_CLASS = YES_ERROR;
				CLANG_WARN_QUOTED_INCLUDE_IN_FRAMEWORK_HEADER = YES;
				CLANG_WARN_RANGE_LOOP_ANALYSIS = YES;
				CLANG_WARN_STRICT_PROTOTYPES = YES;
				CLANG_WARN_SUSPICIOUS_MOVE = YES;
				CLANG_WARN_UNGUARDED_AVAILABILITY = YES_AGGRESSIVE;
				CLANG_WARN_UNREACHABLE_CODE = YES;
				CLANG_WARN__DUPLICATE_METHOD_MATCH = YES;
				COPY_PHASE_STRIP = NO;
				DEBUG_INFORMATION_FORMAT = dwarf;
				ENABLE_STRICT_OBJC_MSGSEND = YES;
				ENABLE_TESTABILITY = YES;
				GCC_C_LANGUAGE_STANDARD = gnu11;
				GCC_DYNAMIC_NO_PIC = NO;
				GCC_NO_COMMON_BLOCKS = YES;
				GCC_OPTIMIZATION_LEVEL = 0;
				GCC_PREPROCESSOR_DEFINITIONS = (
					"DEBUG=1",
					"$(inherited)",
				);
				GCC_WARN_64_TO_32_BIT_CONVERSION = YES;
				GCC_WARN_ABOUT_RETURN_TYPE = YES_ERROR;
				GCC_WARN_UNDECLARED_SELECTOR = YES;
				GCC_WARN_UNINITIALIZED_AUTOS = YES_AGGRESSIVE;
				GCC_WARN_UNUSED_FUNCTION = YES;
				GCC_WARN_UNUSED_VARIABLE = YES;
				IPHONEOS_DEPLOYMENT_TARGET = 16.1;
				MTL_ENABLE_DEBUG_INFO = INCLUDE_SOURCE;
				MTL_FAST_MATH = YES;
				ONLY_ACTIVE_ARCH = YES;
				SDKROOT = iphoneos;
				SWIFT_ACTIVE_COMPILATION_CONDITIONS = DEBUG;
				SWIFT_OPTIMIZATION_LEVEL = "-Onone";
			};
			name = Debug;
		};
		1DB7190829ACD3F2001FEAB3 /* Release */ = {
			isa = XCBuildConfiguration;
			buildSettings = {
				ALWAYS_SEARCH_USER_PATHS = NO;
				CLANG_ANALYZER_NONNULL = YES;
				CLANG_ANALYZER_NUMBER_OBJECT_CONVERSION = YES_AGGRESSIVE;
				CLANG_CXX_LANGUAGE_STANDARD = "gnu++20";
				CLANG_ENABLE_MODULES = YES;
				CLANG_ENABLE_OBJC_ARC = YES;
				CLANG_ENABLE_OBJC_WEAK = YES;
				CLANG_WARN_BLOCK_CAPTURE_AUTORELEASING = YES;
				CLANG_WARN_BOOL_CONVERSION = YES;
				CLANG_WARN_COMMA = YES;
				CLANG_WARN_CONSTANT_CONVERSION = YES;
				CLANG_WARN_DEPRECATED_OBJC_IMPLEMENTATIONS = YES;
				CLANG_WARN_DIRECT_OBJC_ISA_USAGE = YES_ERROR;
				CLANG_WARN_DOCUMENTATION_COMMENTS = YES;
				CLANG_WARN_EMPTY_BODY = YES;
				CLANG_WARN_ENUM_CONVERSION = YES;
				CLANG_WARN_INFINITE_RECURSION = YES;
				CLANG_WARN_INT_CONVERSION = YES;
				CLANG_WARN_NON_LITERAL_NULL_CONVERSION = YES;
				CLANG_WARN_OBJC_IMPLICIT_RETAIN_SELF = YES;
				CLANG_WARN_OBJC_LITERAL_CONVERSION = YES;
				CLANG_WARN_OBJC_ROOT_CLASS = YES_ERROR;
				CLANG_WARN_QUOTED_INCLUDE_IN_FRAMEWORK_HEADER = YES;
				CLANG_WARN_RANGE_LOOP_ANALYSIS = YES;
				CLANG_WARN_STRICT_PROTOTYPES = YES;
				CLANG_WARN_SUSPICIOUS_MOVE = YES;
				CLANG_WARN_UNGUARDED_AVAILABILITY = YES_AGGRESSIVE;
				CLANG_WARN_UNREACHABLE_CODE = YES;
				CLANG_WARN__DUPLICATE_METHOD_MATCH = YES;
				COPY_PHASE_STRIP = NO;
				DEBUG_INFORMATION_FORMAT = "dwarf-with-dsym";
				ENABLE_NS_ASSERTIONS = NO;
				ENABLE_STRICT_OBJC_MSGSEND = YES;
				GCC_C_LANGUAGE_STANDARD = gnu11;
				GCC_NO_COMMON_BLOCKS = YES;
				GCC_WARN_64_TO_32_BIT_CONVERSION = YES;
				GCC_WARN_ABOUT_RETURN_TYPE = YES_ERROR;
				GCC_WARN_UNDECLARED_SELECTOR = YES;
				GCC_WARN_UNINITIALIZED_AUTOS = YES_AGGRESSIVE;
				GCC_WARN_UNUSED_FUNCTION = YES;
				GCC_WARN_UNUSED_VARIABLE = YES;
				IPHONEOS_DEPLOYMENT_TARGET = 16.1;
				MTL_ENABLE_DEBUG_INFO = NO;
				MTL_FAST_MATH = YES;
				SDKROOT = iphoneos;
				SWIFT_COMPILATION_MODE = wholemodule;
				SWIFT_OPTIMIZATION_LEVEL = "-O";
				VALIDATE_PRODUCT = YES;
			};
			name = Release;
		};
		1DB7190A29ACD3F2001FEAB3 /* Debug */ = {
			isa = XCBuildConfiguration;
			buildSettings = {
				ASSETCATALOG_COMPILER_APPICON_NAME = AppIcon;
				ASSETCATALOG_COMPILER_GLOBAL_ACCENT_COLOR_NAME = AccentColor;
				CODE_SIGN_STYLE = Automatic;
				CURRENT_PROJECT_VERSION = 1;
				DEVELOPMENT_TEAM = YKZ5N59A7R;
				GENERATE_INFOPLIST_FILE = YES;
				INFOPLIST_FILE = DispatchQueue/Info.plist;
				INFOPLIST_KEY_UIApplicationSupportsIndirectInputEvents = YES;
				INFOPLIST_KEY_UILaunchStoryboardName = LaunchScreen;
				INFOPLIST_KEY_UIMainStoryboardFile = Main;
				INFOPLIST_KEY_UISupportedInterfaceOrientations_iPad = "UIInterfaceOrientationPortrait UIInterfaceOrientationPortraitUpsideDown UIInterfaceOrientationLandscapeLeft UIInterfaceOrientationLandscapeRight";
				INFOPLIST_KEY_UISupportedInterfaceOrientations_iPhone = "UIInterfaceOrientationPortrait UIInterfaceOrientationLandscapeLeft UIInterfaceOrientationLandscapeRight";
				LD_RUNPATH_SEARCH_PATHS = (
					"$(inherited)",
					"@executable_path/Frameworks",
				);
				MARKETING_VERSION = 1.0;
				PRODUCT_BUNDLE_IDENTIFIER = com.siddharth..DispatchQueue;
				PRODUCT_NAME = "$(TARGET_NAME)";
				SWIFT_EMIT_LOC_STRINGS = YES;
				SWIFT_VERSION = 5.0;
				TARGETED_DEVICE_FAMILY = "1,2";
			};
			name = Debug;
		};
		1DB7190B29ACD3F2001FEAB3 /* Release */ = {
			isa = XCBuildConfiguration;
			buildSettings = {
				ASSETCATALOG_COMPILER_APPICON_NAME = AppIcon;
				ASSETCATALOG_COMPILER_GLOBAL_ACCENT_COLOR_NAME = AccentColor;
				CODE_SIGN_STYLE = Automatic;
				CURRENT_PROJECT_VERSION = 1;
				DEVELOPMENT_TEAM = YKZ5N59A7R;
				GENERATE_INFOPLIST_FILE = YES;
				INFOPLIST_FILE = DispatchQueue/Info.plist;
				INFOPLIST_KEY_UIApplicationSupportsIndirectInputEvents = YES;
				INFOPLIST_KEY_UILaunchStoryboardName = LaunchScreen;
				INFOPLIST_KEY_UIMainStoryboardFile = Main;
				INFOPLIST_KEY_UISupportedInterfaceOrientations_iPad = "UIInterfaceOrientationPortrait UIInterfaceOrientationPortraitUpsideDown UIInterfaceOrientationLandscapeLeft UIInterfaceOrientationLandscapeRight";
				INFOPLIST_KEY_UISupportedInterfaceOrientations_iPhone = "UIInterfaceOrientationPortrait UIInterfaceOrientationLandscapeLeft UIInterfaceOrientationLandscapeRight";
				LD_RUNPATH_SEARCH_PATHS = (
					"$(inherited)",
					"@executable_path/Frameworks",
				);
				MARKETING_VERSION = 1.0;
				PRODUCT_BUNDLE_IDENTIFIER = com.siddharth..DispatchQueue;
				PRODUCT_NAME = "$(TARGET_NAME)";
				SWIFT_EMIT_LOC_STRINGS = YES;
				SWIFT_VERSION = 5.0;
				TARGETED_DEVICE_FAMILY = "1,2";
			};
			name = Release;
		};
		1DB7190D29ACD3F2001FEAB3 /* Debug */ = {
			isa = XCBuildConfiguration;
			buildSettings = {
				ALWAYS_EMBED_SWIFT_STANDARD_LIBRARIES = YES;
				BUNDLE_LOADER = "$(TEST_HOST)";
				CODE_SIGN_STYLE = Automatic;
				CURRENT_PROJECT_VERSION = 1;
				DEVELOPMENT_TEAM = YKZ5N59A7R;
				GENERATE_INFOPLIST_FILE = YES;
				IPHONEOS_DEPLOYMENT_TARGET = 16.1;
				MARKETING_VERSION = 1.0;
				PRODUCT_BUNDLE_IDENTIFIER = com.siddharth..DispatchQueueTests;
				PRODUCT_NAME = "$(TARGET_NAME)";
				SWIFT_EMIT_LOC_STRINGS = NO;
				SWIFT_VERSION = 5.0;
				TARGETED_DEVICE_FAMILY = "1,2";
				TEST_HOST = "$(BUILT_PRODUCTS_DIR)/DispatchQueue.app/$(BUNDLE_EXECUTABLE_FOLDER_PATH)/DispatchQueue";
			};
			name = Debug;
		};
		1DB7190E29ACD3F2001FEAB3 /* Release */ = {
			isa = XCBuildConfiguration;
			buildSettings = {
				ALWAYS_EMBED_SWIFT_STANDARD_LIBRARIES = YES;
				BUNDLE_LOADER = "$(TEST_HOST)";
				CODE_SIGN_STYLE = Automatic;
				CURRENT_PROJECT_VERSION = 1;
				DEVELOPMENT_TEAM = YKZ5N59A7R;
				GENERATE_INFOPLIST_FILE = YES;
				IPHONEOS_DEPLOYMENT_TARGET = 16.1;
				MARKETING_VERSION = 1.0;
				PRODUCT_BUNDLE_IDENTIFIER = com.siddharth..DispatchQueueTests;
				PRODUCT_NAME = "$(TARGET_NAME)";
				SWIFT_EMIT_LOC_STRINGS = NO;
				SWIFT_VERSION = 5.0;
				TARGETED_DEVICE_FAMILY = "1,2";
				TEST_HOST = "$(BUILT_PRODUCTS_DIR)/DispatchQueue.app/$(BUNDLE_EXECUTABLE_FOLDER_PATH)/DispatchQueue";
			};
			name = Release;
		};
		1DB7191029ACD3F2001FEAB3 /* Debug */ = {
			isa = XCBuildConfiguration;
			buildSettings = {
				ALWAYS_EMBED_SWIFT_STANDARD_LIBRARIES = YES;
				CODE_SIGN_STYLE = Automatic;
				CURRENT_PROJECT_VERSION = 1;
				DEVELOPMENT_TEAM = YKZ5N59A7R;
				GENERATE_INFOPLIST_FILE = YES;
				MARKETING_VERSION = 1.0;
				PRODUCT_BUNDLE_IDENTIFIER = com.siddharth..DispatchQueueUITests;
				PRODUCT_NAME = "$(TARGET_NAME)";
				SWIFT_EMIT_LOC_STRINGS = NO;
				SWIFT_VERSION = 5.0;
				TARGETED_DEVICE_FAMILY = "1,2";
				TEST_TARGET_NAME = DispatchQueue;
			};
			name = Debug;
		};
		1DB7191129ACD3F2001FEAB3 /* Release */ = {
			isa = XCBuildConfiguration;
			buildSettings = {
				ALWAYS_EMBED_SWIFT_STANDARD_LIBRARIES = YES;
				CODE_SIGN_STYLE = Automatic;
				CURRENT_PROJECT_VERSION = 1;
				DEVELOPMENT_TEAM = YKZ5N59A7R;
				GENERATE_INFOPLIST_FILE = YES;
				MARKETING_VERSION = 1.0;
				PRODUCT_BUNDLE_IDENTIFIER = com.siddharth..DispatchQueueUITests;
				PRODUCT_NAME = "$(TARGET_NAME)";
				SWIFT_EMIT_LOC_STRINGS = NO;
				SWIFT_VERSION = 5.0;
				TARGETED_DEVICE_FAMILY = "1,2";
				TEST_TARGET_NAME = DispatchQueue;
			};
			name = Release;
		};
/* End XCBuildConfiguration section */

/* Begin XCConfigurationList section */
		1DB718DA29ACD3F0001FEAB3 /* Build configuration list for PBXProject "DispatchQueue" */ = {
			isa = XCConfigurationList;
			buildConfigurations = (
				1DB7190729ACD3F2001FEAB3 /* Debug */,
				1DB7190829ACD3F2001FEAB3 /* Release */,
			);
			defaultConfigurationIsVisible = 0;
			defaultConfigurationName = Release;
		};
		1DB7190929ACD3F2001FEAB3 /* Build configuration list for PBXNativeTarget "DispatchQueue" */ = {
			isa = XCConfigurationList;
			buildConfigurations = (
				1DB7190A29ACD3F2001FEAB3 /* Debug */,
				1DB7190B29ACD3F2001FEAB3 /* Release */,
			);
			defaultConfigurationIsVisible = 0;
			defaultConfigurationName = Release;
		};
		1DB7190C29ACD3F2001FEAB3 /* Build configuration list for PBXNativeTarget "DispatchQueueTests" */ = {
			isa = XCConfigurationList;
			buildConfigurations = (
				1DB7190D29ACD3F2001FEAB3 /* Debug */,
				1DB7190E29ACD3F2001FEAB3 /* Release */,
			);
			defaultConfigurationIsVisible = 0;
			defaultConfigurationName = Release;
		};
		1DB7190F29ACD3F2001FEAB3 /* Build configuration list for PBXNativeTarget "DispatchQueueUITests" */ = {
			isa = XCConfigurationList;
			buildConfigurations = (
				1DB7191029ACD3F2001FEAB3 /* Debug */,
				1DB7191129ACD3F2001FEAB3 /* Release */,
			);
			defaultConfigurationIsVisible = 0;
			defaultConfigurationName = Release;
		};
/* End XCConfigurationList section */
	};
	rootObject = 1DB718D729ACD3F0001FEAB3 /* Project object */;
}
